
Microsoft Visual Studio Solution File, Format Version 12.00
# Visual Studio Version 17
VisualStudioVersion = 17.0.32014.148
MinimumVisualStudioVersion = 10.0.40219.1
Project("{FAE04EC0-301F-11D3-BF4B-00C04F79EFBC}") = "Ksu.Cis300.TextAnalysis", "Ksu.Cis300.TextAnalysis\Ksu.Cis300.TextAnalysis.csproj", "{000B67A9-FFA0-4DB1-B988-E8A780393F89}"
EndProject
Global
	GlobalSection(SolutionConfigurationPlatforms) = preSolution
		Debug|Any CPU = Debug|Any CPU
		Release|Any CPU = Release|Any CPU
	EndGlobalSection
	GlobalSection(ProjectConfigurationPlatforms) = postSolution
		{000B67A9-FFA0-4DB1-B988-E8A780393F89}.Debug|Any CPU.ActiveCfg = Debug|Any CPU
		{000B67A9-FFA0-4DB1-B988-E8A780393F89}.Debug|Any CPU.Build.0 = Debug|Any CPU
		{000B67A9-FFA0-4DB1-B988-E8A780393F89}.Release|Any CPU.ActiveCfg = Release|Any CPU
		{000B67A9-FFA0-4DB1-B988-E8A780393F89}.Release|Any CPU.Build.0 = Release|Any CPU
	EndGlobalSection
	GlobalSection(SolutionProperties) = preSolution
		HideSolutionNode = FALSE
	EndGlobalSection
	GlobalSection(ExtensibilityGlobals) = postSolution
		SolutionGuid = {0479800A-21DB-4451-A4AE-CADE167EBC1A}
	EndGlobalSection
EndGlobal
